
Microsoft Visual Studio Solution File, Format Version 12.00
# Visual Studio Version 17
VisualStudioVersion = 17.0.31903.59
MinimumVisualStudioVersion = 10.0.40219.1
Project("{2150E333-8FDC-42A3-9474-1A3956D46DE8}") = "src", ".", "{827E0CD3-B72D-47B6-A68D-7590B98EB39B}"
EndProject
Project("{FAE04EC0-301F-11D3-BF4B-00C04F79EFBC}") = "cCoder.DocumentManagement", "cCoder.DocumentManagement\cCoder.DocumentManagement.csproj", "{F6DD35EA-84ED-4A5A-A68B-145523AC0BDC}"
EndProject
Project("{FAE04EC0-301F-11D3-BF4B-00C04F79EFBC}") = "cCoder.DocumentManagement.Tests", "cCoder.DocumentManagement.Tests\cCoder.DocumentManagement.Tests.csproj", "{6C186379-0EB9-4E43-8E81-C839F414CAFB}"
EndProject
Project("{FAE04EC0-301F-11D3-BF4B-00C04F79EFBC}") = "DocumentManagement.AcceptanceTests", "DocumentManagement.AcceptanceTests\DocumentManagement.AcceptanceTests.csproj", "{F1CB85EC-CD1F-485F-9A78-82BEBF64EFD7}"
EndProject
Project("{FAE04EC0-301F-11D3-BF4B-00C04F79EFBC}") = "DocumentManagement.Web", "DocumentManagement.Web\DocumentManagement.Web.csproj", "{AB8AC8C5-C2A1-4580-81F4-54F1C94F58B6}"
EndProject
Global
	GlobalSection(SolutionConfigurationPlatforms) = preSolution
		Debug|Any CPU = Debug|Any CPU
		Debug|x64 = Debug|x64
		Debug|x86 = Debug|x86
		Release|Any CPU = Release|Any CPU
		Release|x64 = Release|x64
		Release|x86 = Release|x86
	EndGlobalSection
	GlobalSection(ProjectConfigurationPlatforms) = postSolution
		{F6DD35EA-84ED-4A5A-A68B-145523AC0BDC}.Debug|Any CPU.ActiveCfg = Debug|Any CPU
		{F6DD35EA-84ED-4A5A-A68B-145523AC0BDC}.Debug|Any CPU.Build.0 = Debug|Any CPU
		{F6DD35EA-84ED-4A5A-A68B-145523AC0BDC}.Debug|x64.ActiveCfg = Debug|Any CPU
		{F6DD35EA-84ED-4A5A-A68B-145523AC0BDC}.Debug|x64.Build.0 = Debug|Any CPU
		{F6DD35EA-84ED-4A5A-A68B-145523AC0BDC}.Debug|x86.ActiveCfg = Debug|Any CPU
		{F6DD35EA-84ED-4A5A-A68B-145523AC0BDC}.Debug|x86.Build.0 = Debug|Any CPU
		{F6DD35EA-84ED-4A5A-A68B-145523AC0BDC}.Release|Any CPU.ActiveCfg = Release|Any CPU
		{F6DD35EA-84ED-4A5A-A68B-145523AC0BDC}.Release|Any CPU.Build.0 = Release|Any CPU
		{F6DD35EA-84ED-4A5A-A68B-145523AC0BDC}.Release|x64.ActiveCfg = Release|Any CPU
		{F6DD35EA-84ED-4A5A-A68B-145523AC0BDC}.Release|x64.Build.0 = Release|Any CPU
		{F6DD35EA-84ED-4A5A-A68B-145523AC0BDC}.Release|x86.ActiveCfg = Release|Any CPU
		{F6DD35EA-84ED-4A5A-A68B-145523AC0BDC}.Release|x86.Build.0 = Release|Any CPU
		{6C186379-0EB9-4E43-8E81-C839F414CAFB}.Debug|Any CPU.ActiveCfg = Debug|Any CPU
		{6C186379-0EB9-4E43-8E81-C839F414CAFB}.Debug|Any CPU.Build.0 = Debug|Any CPU
		{6C186379-0EB9-4E43-8E81-C839F414CAFB}.Debug|x64.ActiveCfg = Debug|Any CPU
		{6C186379-0EB9-4E43-8E81-C839F414CAFB}.Debug|x64.Build.0 = Debug|Any CPU
		{6C186379-0EB9-4E43-8E81-C839F414CAFB}.Debug|x86.ActiveCfg = Debug|Any CPU
		{6C186379-0EB9-4E43-8E81-C839F414CAFB}.Debug|x86.Build.0 = Debug|Any CPU
		{6C186379-0EB9-4E43-8E81-C839F414CAFB}.Release|Any CPU.ActiveCfg = Release|Any CPU
		{6C186379-0EB9-4E43-8E81-C839F414CAFB}.Release|Any CPU.Build.0 = Release|Any CPU
		{6C186379-0EB9-4E43-8E81-C839F414CAFB}.Release|x64.ActiveCfg = Release|Any CPU
		{6C186379-0EB9-4E43-8E81-C839F414CAFB}.Release|x64.Build.0 = Release|Any CPU
		{6C186379-0EB9-4E43-8E81-C839F414CAFB}.Release|x86.ActiveCfg = Release|Any CPU
		{6C186379-0EB9-4E43-8E81-C839F414CAFB}.Release|x86.Build.0 = Release|Any CPU
		{F1CB85EC-CD1F-485F-9A78-82BEBF64EFD7}.Debug|Any CPU.ActiveCfg = Debug|Any CPU
		{F1CB85EC-CD1F-485F-9A78-82BEBF64EFD7}.Debug|Any CPU.Build.0 = Debug|Any CPU
		{F1CB85EC-CD1F-485F-9A78-82BEBF64EFD7}.Debug|x64.ActiveCfg = Debug|Any CPU
		{F1CB85EC-CD1F-485F-9A78-82BEBF64EFD7}.Debug|x64.Build.0 = Debug|Any CPU
		{F1CB85EC-CD1F-485F-9A78-82BEBF64EFD7}.Debug|x86.ActiveCfg = Debug|Any CPU
		{F1CB85EC-CD1F-485F-9A78-82BEBF64EFD7}.Debug|x86.Build.0 = Debug|Any CPU
		{F1CB85EC-CD1F-485F-9A78-82BEBF64EFD7}.Release|Any CPU.ActiveCfg = Release|Any CPU
		{F1CB85EC-CD1F-485F-9A78-82BEBF64EFD7}.Release|Any CPU.Build.0 = Release|Any CPU
		{F1CB85EC-CD1F-485F-9A78-82BEBF64EFD7}.Release|x64.ActiveCfg = Release|Any CPU
		{F1CB85EC-CD1F-485F-9A78-82BEBF64EFD7}.Release|x64.Build.0 = Release|Any CPU
		{F1CB85EC-CD1F-485F-9A78-82BEBF64EFD7}.Release|x86.ActiveCfg = Release|Any CPU
		{F1CB85EC-CD1F-485F-9A78-82BEBF64EFD7}.Release|x86.Build.0 = Release|Any CPU
		{AB8AC8C5-C2A1-4580-81F4-54F1C94F58B6}.Debug|Any CPU.ActiveCfg = Debug|Any CPU
		{AB8AC8C5-C2A1-4580-81F4-54F1C94F58B6}.Debug|Any CPU.Build.0 = Debug|Any CPU
		{AB8AC8C5-C2A1-4580-81F4-54F1C94F58B6}.Debug|x64.ActiveCfg = Debug|Any CPU
		{AB8AC8C5-C2A1-4580-81F4-54F1C94F58B6}.Debug|x64.Build.0 = Debug|Any CPU
		{AB8AC8C5-C2A1-4580-81F4-54F1C94F58B6}.Debug|x86.ActiveCfg = Debug|Any CPU
		{AB8AC8C5-C2A1-4580-81F4-54F1C94F58B6}.Debug|x86.Build.0 = Debug|Any CPU
		{AB8AC8C5-C2A1-4580-81F4-54F1C94F58B6}.Release|Any CPU.ActiveCfg = Release|Any CPU
		{AB8AC8C5-C2A1-4580-81F4-54F1C94F58B6}.Release|Any CPU.Build.0 = Release|Any CPU
		{AB8AC8C5-C2A1-4580-81F4-54F1C94F58B6}.Release|x64.ActiveCfg = Release|Any CPU
		{AB8AC8C5-C2A1-4580-81F4-54F1C94F58B6}.Release|x64.Build.0 = Release|Any CPU
		{AB8AC8C5-C2A1-4580-81F4-54F1C94F58B6}.Release|x86.ActiveCfg = Release|Any CPU
		{AB8AC8C5-C2A1-4580-81F4-54F1C94F58B6}.Release|x86.Build.0 = Release|Any CPU
	EndGlobalSection
	GlobalSection(SolutionProperties) = preSolution
		HideSolutionNode = FALSE
	EndGlobalSection
	GlobalSection(NestedProjects) = preSolution
		{F6DD35EA-84ED-4A5A-A68B-145523AC0BDC} = {827E0CD3-B72D-47B6-A68D-7590B98EB39B}
		{6C186379-0EB9-4E43-8E81-C839F414CAFB} = {827E0CD3-B72D-47B6-A68D-7590B98EB39B}
		{F1CB85EC-CD1F-485F-9A78-82BEBF64EFD7} = {827E0CD3-B72D-47B6-A68D-7590B98EB39B}
		{AB8AC8C5-C2A1-4580-81F4-54F1C94F58B6} = {827E0CD3-B72D-47B6-A68D-7590B98EB39B}
	EndGlobalSection
EndGlobal
